// !$*UTF8*$!
{
	archiveVersion = 1;
	classes = {
	};
	objectVersion = 56;
	objects = {

/* Begin PBXBuildFile section */
		2232FDAD2BE5795800EDA377 /* AppleAcademyProjectApp.swift in Sources */ = {isa = PBXBuildFile; fileRef = 2232FDAC2BE5795800EDA377 /* AppleAcademyProjectApp.swift */; };
		2232FDB12BE5795900EDA377 /* Assets.xcassets in Resources */ = {isa = PBXBuildFile; fileRef = 2232FDB02BE5795900EDA377 /* Assets.xcassets */; };
		2232FDB42BE5795900EDA377 /* Preview Assets.xcassets in Resources */ = {isa = PBXBuildFile; fileRef = 2232FDB32BE5795900EDA377 /* Preview Assets.xcassets */; };
		2232FDBE2BE5795900EDA377 /* AppleAcademyProjectTests.swift in Sources */ = {isa = PBXBuildFile; fileRef = 2232FDBD2BE5795900EDA377 /* AppleAcademyProjectTests.swift */; };
		2232FDC82BE5795900EDA377 /* AppleAcademyProjectUITests.swift in Sources */ = {isa = PBXBuildFile; fileRef = 2232FDC72BE5795900EDA377 /* AppleAcademyProjectUITests.swift */; };
		2232FDCA2BE5795900EDA377 /* AppleAcademyProjectUITestsLaunchTests.swift in Sources */ = {isa = PBXBuildFile; fileRef = 2232FDC92BE5795900EDA377 /* AppleAcademyProjectUITestsLaunchTests.swift */; };
		22904CD52BE57B6500AE9889 /* ContentView.swift in Sources */ = {isa = PBXBuildFile; fileRef = 22904CD42BE57B6500AE9889 /* ContentView.swift */; };
		22904CD72BE57D3900AE9889 /* AgendaView.swift in Sources */ = {isa = PBXBuildFile; fileRef = 22904CD62BE57D3900AE9889 /* AgendaView.swift */; };
		22904CD92BE57D7B00AE9889 /* ConversasView.swift in Sources */ = {isa = PBXBuildFile; fileRef = 22904CD82BE57D7B00AE9889 /* ConversasView.swift */; };
		22904CDB2BE57DA200AE9889 /* SalasView.swift in Sources */ = {isa = PBXBuildFile; fileRef = 22904CDA2BE57DA200AE9889 /* SalasView.swift */; };
		22904CDD2BE57DD800AE9889 /* ProfileView.swift in Sources */ = {isa = PBXBuildFile; fileRef = 22904CDC2BE57DD800AE9889 /* ProfileView.swift */; };
/* End PBXBuildFile section */

/* Begin PBXContainerItemProxy section */
		2232FDBA2BE5795900EDA377 /* PBXContainerItemProxy */ = {
			isa = PBXContainerItemProxy;
			containerPortal = 2232FDA12BE5795800EDA377 /* Project object */;
			proxyType = 1;
			remoteGlobalIDString = 2232FDA82BE5795800EDA377;
			remoteInfo = AppleAcademyProject;
		};
		2232FDC42BE5795900EDA377 /* PBXContainerItemProxy */ = {
			isa = PBXContainerItemProxy;
			containerPortal = 2232FDA12BE5795800EDA377 /* Project object */;
			proxyType = 1;
			remoteGlobalIDString = 2232FDA82BE5795800EDA377;
			remoteInfo = AppleAcademyProject;
		};
/* End PBXContainerItemProxy section */

/* Begin PBXFileReference section */
		2232FDA92BE5795800EDA377 /* AppleAcademyProject.app */ = {isa = PBXFileReference; explicitFileType = wrapper.application; includeInIndex = 0; path = AppleAcademyProject.app; sourceTree = BUILT_PRODUCTS_DIR; };
		2232FDAC2BE5795800EDA377 /* AppleAcademyProjectApp.swift */ = {isa = PBXFileReference; lastKnownFileType = sourcecode.swift; path = AppleAcademyProjectApp.swift; sourceTree = "<group>"; };
		2232FDB02BE5795900EDA377 /* Assets.xcassets */ = {isa = PBXFileReference; lastKnownFileType = folder.assetcatalog; path = Assets.xcassets; sourceTree = "<group>"; };
		2232FDB32BE5795900EDA377 /* Preview Assets.xcassets */ = {isa = PBXFileReference; lastKnownFileType = folder.assetcatalog; path = "Preview Assets.xcassets"; sourceTree = "<group>"; };
		2232FDB92BE5795900EDA377 /* AppleAcademyProjectTests.xctest */ = {isa = PBXFileReference; explicitFileType = wrapper.cfbundle; includeInIndex = 0; path = AppleAcademyProjectTests.xctest; sourceTree = BUILT_PRODUCTS_DIR; };
		2232FDBD2BE5795900EDA377 /* AppleAcademyProjectTests.swift */ = {isa = PBXFileReference; lastKnownFileType = sourcecode.swift; path = AppleAcademyProjectTests.swift; sourceTree = "<group>"; };
		2232FDC32BE5795900EDA377 /* AppleAcademyProjectUITests.xctest */ = {isa = PBXFileReference; explicitFileType = wrapper.cfbundle; includeInIndex = 0; path = AppleAcademyProjectUITests.xctest; sourceTree = BUILT_PRODUCTS_DIR; };
		2232FDC72BE5795900EDA377 /* AppleAcademyProjectUITests.swift */ = {isa = PBXFileReference; lastKnownFileType = sourcecode.swift; path = AppleAcademyProjectUITests.swift; sourceTree = "<group>"; };
		2232FDC92BE5795900EDA377 /* AppleAcademyProjectUITestsLaunchTests.swift */ = {isa = PBXFileReference; lastKnownFileType = sourcecode.swift; path = AppleAcademyProjectUITestsLaunchTests.swift; sourceTree = "<group>"; };
		22904CD42BE57B6500AE9889 /* ContentView.swift */ = {isa = PBXFileReference; lastKnownFileType = sourcecode.swift; path = ContentView.swift; sourceTree = "<group>"; };
		22904CD62BE57D3900AE9889 /* AgendaView.swift */ = {isa = PBXFileReference; lastKnownFileType = sourcecode.swift; path = AgendaView.swift; sourceTree = "<group>"; };
		22904CD82BE57D7B00AE9889 /* ConversasView.swift */ = {isa = PBXFileReference; lastKnownFileType = sourcecode.swift; path = ConversasView.swift; sourceTree = "<group>"; };
		22904CDA2BE57DA200AE9889 /* SalasView.swift */ = {isa = PBXFileReference; lastKnownFileType = sourcecode.swift; path = SalasView.swift; sourceTree = "<group>"; };
		22904CDC2BE57DD800AE9889 /* ProfileView.swift */ = {isa = PBXFileReference; lastKnownFileType = sourcecode.swift; path = ProfileView.swift; sourceTree = "<group>"; };
/* End PBXFileReference section */

/* Begin PBXFrameworksBuildPhase section */
		2232FDA62BE5795800EDA377 /* Frameworks */ = {
			isa = PBXFrameworksBuildPhase;
			buildActionMask = 2147483647;
			files = (
			);
			runOnlyForDeploymentPostprocessing = 0;
		};
		2232FDB62BE5795900EDA377 /* Frameworks */ = {
			isa = PBXFrameworksBuildPhase;
			buildActionMask = 2147483647;
			files = (
			);
			runOnlyForDeploymentPostprocessing = 0;
		};
		2232FDC02BE5795900EDA377 /* Frameworks */ = {
			isa = PBXFrameworksBuildPhase;
			buildActionMask = 2147483647;
			files = (
			);
			runOnlyForDeploymentPostprocessing = 0;
		};
/* End PBXFrameworksBuildPhase section */

/* Begin PBXGroup section */
		2232FDA02BE5795800EDA377 = {
			isa = PBXGroup;
			children = (
				2232FDAB2BE5795800EDA377 /* AppleAcademyProject */,
				2232FDBC2BE5795900EDA377 /* AppleAcademyProjectTests */,
				2232FDC62BE5795900EDA377 /* AppleAcademyProjectUITests */,
				2232FDAA2BE5795800EDA377 /* Products */,
			);
			sourceTree = "<group>";
		};
		2232FDAA2BE5795800EDA377 /* Products */ = {
			isa = PBXGroup;
			children = (
				2232FDA92BE5795800EDA377 /* AppleAcademyProject.app */,
				2232FDB92BE5795900EDA377 /* AppleAcademyProjectTests.xctest */,
				2232FDC32BE5795900EDA377 /* AppleAcademyProjectUITests.xctest */,
			);
			name = Products;
			sourceTree = "<group>";
		};
		2232FDAB2BE5795800EDA377 /* AppleAcademyProject */ = {
			isa = PBXGroup;
			children = (
				2232FDAC2BE5795800EDA377 /* AppleAcademyProjectApp.swift */,
				22904CD62BE57D3900AE9889 /* AgendaView.swift */,
				22904CDC2BE57DD800AE9889 /* ProfileView.swift */,
				22904CD42BE57B6500AE9889 /* ContentView.swift */,
				22904CD82BE57D7B00AE9889 /* ConversasView.swift */,
				22904CDA2BE57DA200AE9889 /* SalasView.swift */,
				2232FDB02BE5795900EDA377 /* Assets.xcassets */,
				2232FDB22BE5795900EDA377 /* Preview Content */,
			);
			path = AppleAcademyProject;
			sourceTree = "<group>";
		};
		2232FDB22BE5795900EDA377 /* Preview Content */ = {
			isa = PBXGroup;
			children = (
				2232FDB32BE5795900EDA377 /* Preview Assets.xcassets */,
			);
			path = "Preview Content";
			sourceTree = "<group>";
		};
		2232FDBC2BE5795900EDA377 /* AppleAcademyProjectTests */ = {
			isa = PBXGroup;
			children = (
				2232FDBD2BE5795900EDA377 /* AppleAcademyProjectTests.swift */,
			);
			path = AppleAcademyProjectTests;
			sourceTree = "<group>";
		};
		2232FDC62BE5795900EDA377 /* AppleAcademyProjectUITests */ = {
			isa = PBXGroup;
			children = (
				2232FDC72BE5795900EDA377 /* AppleAcademyProjectUITests.swift */,
				2232FDC92BE5795900EDA377 /* AppleAcademyProjectUITestsLaunchTests.swift */,
			);
			path = AppleAcademyProjectUITests;
			sourceTree = "<group>";
		};
/* End PBXGroup section */

/* Begin PBXNativeTarget section */
		2232FDA82BE5795800EDA377 /* AppleAcademyProject */ = {
			isa = PBXNativeTarget;
			buildConfigurationList = 2232FDCD2BE5795900EDA377 /* Build configuration list for PBXNativeTarget "AppleAcademyProject" */;
			buildPhases = (
				2232FDA52BE5795800EDA377 /* Sources */,
				2232FDA62BE5795800EDA377 /* Frameworks */,
				2232FDA72BE5795800EDA377 /* Resources */,
			);
			buildRules = (
			);
			dependencies = (
				22904CE02BE57EAD00AE9889 /* PBXTargetDependency */,
			);
			name = AppleAcademyProject;
			productName = AppleAcademyProject;
			productReference = 2232FDA92BE5795800EDA377 /* AppleAcademyProject.app */;
			productType = "com.apple.product-type.application";
		};
		2232FDB82BE5795900EDA377 /* AppleAcademyProjectTests */ = {
			isa = PBXNativeTarget;
			buildConfigurationList = 2232FDD02BE5795900EDA377 /* Build configuration list for PBXNativeTarget "AppleAcademyProjectTests" */;
			buildPhases = (
				2232FDB52BE5795900EDA377 /* Sources */,
				2232FDB62BE5795900EDA377 /* Frameworks */,
				2232FDB72BE5795900EDA377 /* Resources */,
			);
			buildRules = (
			);
			dependencies = (
				2232FDBB2BE5795900EDA377 /* PBXTargetDependency */,
			);
			name = AppleAcademyProjectTests;
			productName = AppleAcademyProjectTests;
			productReference = 2232FDB92BE5795900EDA377 /* AppleAcademyProjectTests.xctest */;
			productType = "com.apple.product-type.bundle.unit-test";
		};
		2232FDC22BE5795900EDA377 /* AppleAcademyProjectUITests */ = {
			isa = PBXNativeTarget;
			buildConfigurationList = 2232FDD32BE5795900EDA377 /* Build configuration list for PBXNativeTarget "AppleAcademyProjectUITests" */;
			buildPhases = (
				2232FDBF2BE5795900EDA377 /* Sources */,
				2232FDC02BE5795900EDA377 /* Frameworks */,
				2232FDC12BE5795900EDA377 /* Resources */,
			);
			buildRules = (
			);
			dependencies = (
				2232FDC52BE5795900EDA377 /* PBXTargetDependency */,
			);
			name = AppleAcademyProjectUITests;
			productName = AppleAcademyProjectUITests;
			productReference = 2232FDC32BE5795900EDA377 /* AppleAcademyProjectUITests.xctest */;
			productType = "com.apple.product-type.bundle.ui-testing";
		};
/* End PBXNativeTarget section */

/* Begin PBXProject section */
		2232FDA12BE5795800EDA377 /* Project object */ = {
			isa = PBXProject;
			attributes = {
				BuildIndependentTargetsInParallel = 1;
				LastSwiftUpdateCheck = 1520;
				LastUpgradeCheck = 1520;
				TargetAttributes = {
					2232FDA82BE5795800EDA377 = {
						CreatedOnToolsVersion = 15.2;
					};
					2232FDB82BE5795900EDA377 = {
						CreatedOnToolsVersion = 15.2;
						TestTargetID = 2232FDA82BE5795800EDA377;
					};
					2232FDC22BE5795900EDA377 = {
						CreatedOnToolsVersion = 15.2;
						TestTargetID = 2232FDA82BE5795800EDA377;
					};
				};
			};
			buildConfigurationList = 2232FDA42BE5795800EDA377 /* Build configuration list for PBXProject "AppleAcademyProject" */;
			compatibilityVersion = "Xcode 14.0";
			developmentRegion = en;
			hasScannedForEncodings = 0;
			knownRegions = (
				en,
				Base,
			);
			mainGroup = 2232FDA02BE5795800EDA377;
			packageReferences = (
				22904CDE2BE57EA500AE9889 /* XCRemoteSwiftPackageReference "swiftui-lint" */,
			);
			productRefGroup = 2232FDAA2BE5795800EDA377 /* Products */;
			projectDirPath = "";
			projectRoot = "";
			targets = (
				2232FDA82BE5795800EDA377 /* AppleAcademyProject */,
				2232FDB82BE5795900EDA377 /* AppleAcademyProjectTests */,
				2232FDC22BE5795900EDA377 /* AppleAcademyProjectUITests */,
			);
		};
/* End PBXProject section */

/* Begin PBXResourcesBuildPhase section */
		2232FDA72BE5795800EDA377 /* Resources */ = {
			isa = PBXResourcesBuildPhase;
			buildActionMask = 2147483647;
			files = (
				2232FDB42BE5795900EDA377 /* Preview Assets.xcassets in Resources */,
				2232FDB12BE5795900EDA377 /* Assets.xcassets in Resources */,
			);
			runOnlyForDeploymentPostprocessing = 0;
		};
		2232FDB72BE5795900EDA377 /* Resources */ = {
			isa = PBXResourcesBuildPhase;
			buildActionMask = 2147483647;
			files = (
			);
			runOnlyForDeploymentPostprocessing = 0;
		};
		2232FDC12BE5795900EDA377 /* Resources */ = {
			isa = PBXResourcesBuildPhase;
			buildActionMask = 2147483647;
			files = (
			);
			runOnlyForDeploymentPostprocessing = 0;
		};
/* End PBXResourcesBuildPhase section */

/* Begin PBXSourcesBuildPhase section */
		2232FDA52BE5795800EDA377 /* Sources */ = {
			isa = PBXSourcesBuildPhase;
			buildActionMask = 2147483647;
			files = (
				22904CD72BE57D3900AE9889 /* AgendaView.swift in Sources */,
				22904CD52BE57B6500AE9889 /* ContentView.swift in Sources */,
				22904CD92BE57D7B00AE9889 /* ConversasView.swift in Sources */,
				2232FDAD2BE5795800EDA377 /* AppleAcademyProjectApp.swift in Sources */,
				22904CDD2BE57DD800AE9889 /* ProfileView.swift in Sources */,
				22904CDB2BE57DA200AE9889 /* SalasView.swift in Sources */,
			);
			runOnlyForDeploymentPostprocessing = 0;
		};
		2232FDB52BE5795900EDA377 /* Sources */ = {
			isa = PBXSourcesBuildPhase;
			buildActionMask = 2147483647;
			files = (
				2232FDBE2BE5795900EDA377 /* AppleAcademyProjectTests.swift in Sources */,
			);
			runOnlyForDeploymentPostprocessing = 0;
		};
		2232FDBF2BE5795900EDA377 /* Sources */ = {
			isa = PBXSourcesBuildPhase;
			buildActionMask = 2147483647;
			files = (
				2232FDCA2BE5795900EDA377 /* AppleAcademyProjectUITestsLaunchTests.swift in Sources */,
				2232FDC82BE5795900EDA377 /* AppleAcademyProjectUITests.swift in Sources */,
			);
			runOnlyForDeploymentPostprocessing = 0;
		};
/* End PBXSourcesBuildPhase section */

/* Begin PBXTargetDependency section */
		2232FDBB2BE5795900EDA377 /* PBXTargetDependency */ = {
			isa = PBXTargetDependency;
			target = 2232FDA82BE5795800EDA377 /* AppleAcademyProject */;
			targetProxy = 2232FDBA2BE5795900EDA377 /* PBXContainerItemProxy */;
		};
		2232FDC52BE5795900EDA377 /* PBXTargetDependency */ = {
			isa = PBXTargetDependency;
			target = 2232FDA82BE5795800EDA377 /* AppleAcademyProject */;
			targetProxy = 2232FDC42BE5795900EDA377 /* PBXContainerItemProxy */;
		};
		22904CE02BE57EAD00AE9889 /* PBXTargetDependency */ = {
			isa = PBXTargetDependency;
			productRef = 22904CDF2BE57EAD00AE9889 /* SwiftUILintPlugin */;
		};
/* End PBXTargetDependency section */

/* Begin XCBuildConfiguration section */
		2232FDCB2BE5795900EDA377 /* Debug */ = {
			isa = XCBuildConfiguration;
			buildSettings = {
				ALWAYS_SEARCH_USER_PATHS = NO;
				ASSETCATALOG_COMPILER_GENERATE_SWIFT_ASSET_SYMBOL_EXTENSIONS = YES;
				CLANG_ANALYZER_NONNULL = YES;
				CLANG_ANALYZER_NUMBER_OBJECT_CONVERSION = YES_AGGRESSIVE;
				CLANG_CXX_LANGUAGE_STANDARD = "gnu++20";
				CLANG_ENABLE_MODULES = YES;
				CLANG_ENABLE_OBJC_ARC = YES;
				CLANG_ENABLE_OBJC_WEAK = YES;
				CLANG_WARN_BLOCK_CAPTURE_AUTORELEASING = YES;
				CLANG_WARN_BOOL_CONVERSION = YES;
				CLANG_WARN_COMMA = YES;
				CLANG_WARN_CONSTANT_CONVERSION = YES;
				CLANG_WARN_DEPRECATED_OBJC_IMPLEMENTATIONS = YES;
				CLANG_WARN_DIRECT_OBJC_ISA_USAGE = YES_ERROR;
				CLANG_WARN_DOCUMENTATION_COMMENTS = YES;
				CLANG_WARN_EMPTY_BODY = YES;
				CLANG_WARN_ENUM_CONVERSION = YES;
				CLANG_WARN_INFINITE_RECURSION = YES;
				CLANG_WARN_INT_CONVERSION = YES;
				CLANG_WARN_NON_LITERAL_NULL_CONVERSION = YES;
				CLANG_WARN_OBJC_IMPLICIT_RETAIN_SELF = YES;
				CLANG_WARN_OBJC_LITERAL_CONVERSION = YES;
				CLANG_WARN_OBJC_ROOT_CLASS = YES_ERROR;
				CLANG_WARN_QUOTED_INCLUDE_IN_FRAMEWORK_HEADER = YES;
				CLANG_WARN_RANGE_LOOP_ANALYSIS = YES;
				CLANG_WARN_STRICT_PROTOTYPES = YES;
				CLANG_WARN_SUSPICIOUS_MOVE = YES;
				CLANG_WARN_UNGUARDED_AVAILABILITY = YES_AGGRESSIVE;
				CLANG_WARN_UNREACHABLE_CODE = YES;
				CLANG_WARN__DUPLICATE_METHOD_MATCH = YES;
				COPY_PHASE_STRIP = NO;
				DEBUG_INFORMATION_FORMAT = dwarf;
				ENABLE_STRICT_OBJC_MSGSEND = YES;
				ENABLE_TESTABILITY = YES;
				ENABLE_USER_SCRIPT_SANDBOXING = YES;
				GCC_C_LANGUAGE_STANDARD = gnu17;
				GCC_DYNAMIC_NO_PIC = NO;
				GCC_NO_COMMON_BLOCKS = YES;
				GCC_OPTIMIZATION_LEVEL = 0;
				GCC_PREPROCESSOR_DEFINITIONS = (
					"DEBUG=1",
					"$(inherited)",
				);
				GCC_WARN_64_TO_32_BIT_CONVERSION = YES;
				GCC_WARN_ABOUT_RETURN_TYPE = YES_ERROR;
				GCC_WARN_UNDECLARED_SELECTOR = YES;
				GCC_WARN_UNINITIALIZED_AUTOS = YES_AGGRESSIVE;
				GCC_WARN_UNUSED_FUNCTION = YES;
				GCC_WARN_UNUSED_VARIABLE = YES;
				IPHONEOS_DEPLOYMENT_TARGET = 17.2;
				LOCALIZATION_PREFERS_STRING_CATALOGS = YES;
				MTL_ENABLE_DEBUG_INFO = INCLUDE_SOURCE;
				MTL_FAST_MATH = YES;
				ONLY_ACTIVE_ARCH = YES;
				SDKROOT = iphoneos;
				SWIFT_ACTIVE_COMPILATION_CONDITIONS = "DEBUG $(inherited)";
				SWIFT_OPTIMIZATION_LEVEL = "-Onone";
			};
			name = Debug;
		};
		2232FDCC2BE5795900EDA377 /* Release */ = {
			isa = XCBuildConfiguration;
			buildSettings = {
				ALWAYS_SEARCH_USER_PATHS = NO;
				ASSETCATALOG_COMPILER_GENERATE_SWIFT_ASSET_SYMBOL_EXTENSIONS = YES;
				CLANG_ANALYZER_NONNULL = YES;
				CLANG_ANALYZER_NUMBER_OBJECT_CONVERSION = YES_AGGRESSIVE;
				CLANG_CXX_LANGUAGE_STANDARD = "gnu++20";
				CLANG_ENABLE_MODULES = YES;
				CLANG_ENABLE_OBJC_ARC = YES;
				CLANG_ENABLE_OBJC_WEAK = YES;
				CLANG_WARN_BLOCK_CAPTURE_AUTORELEASING = YES;
				CLANG_WARN_BOOL_CONVERSION = YES;
				CLANG_WARN_COMMA = YES;
				CLANG_WARN_CONSTANT_CONVERSION = YES;
				CLANG_WARN_DEPRECATED_OBJC_IMPLEMENTATIONS = YES;
				CLANG_WARN_DIRECT_OBJC_ISA_USAGE = YES_ERROR;
				CLANG_WARN_DOCUMENTATION_COMMENTS = YES;
				CLANG_WARN_EMPTY_BODY = YES;
				CLANG_WARN_ENUM_CONVERSION = YES;
				CLANG_WARN_INFINITE_RECURSION = YES;
				CLANG_WARN_INT_CONVERSION = YES;
				CLANG_WARN_NON_LITERAL_NULL_CONVERSION = YES;
				CLANG_WARN_OBJC_IMPLICIT_RETAIN_SELF = YES;
				CLANG_WARN_OBJC_LITERAL_CONVERSION = YES;
				CLANG_WARN_OBJC_ROOT_CLASS = YES_ERROR;
				CLANG_WARN_QUOTED_INCLUDE_IN_FRAMEWORK_HEADER = YES;
				CLANG_WARN_RANGE_LOOP_ANALYSIS = YES;
				CLANG_WARN_STRICT_PROTOTYPES = YES;
				CLANG_WARN_SUSPICIOUS_MOVE = YES;
				CLANG_WARN_UNGUARDED_AVAILABILITY = YES_AGGRESSIVE;
				CLANG_WARN_UNREACHABLE_CODE = YES;
				CLANG_WARN__DUPLICATE_METHOD_MATCH = YES;
				COPY_PHASE_STRIP = NO;
				DEBUG_INFORMATION_FORMAT = "dwarf-with-dsym";
				ENABLE_NS_ASSERTIONS = NO;
				ENABLE_STRICT_OBJC_MSGSEND = YES;
				ENABLE_USER_SCRIPT_SANDBOXING = YES;
				GCC_C_LANGUAGE_STANDARD = gnu17;
				GCC_NO_COMMON_BLOCKS = YES;
				GCC_WARN_64_TO_32_BIT_CONVERSION = YES;
				GCC_WARN_ABOUT_RETURN_TYPE = YES_ERROR;
				GCC_WARN_UNDECLARED_SELECTOR = YES;
				GCC_WARN_UNINITIALIZED_AUTOS = YES_AGGRESSIVE;
				GCC_WARN_UNUSED_FUNCTION = YES;
				GCC_WARN_UNUSED_VARIABLE = YES;
				IPHONEOS_DEPLOYMENT_TARGET = 17.2;
				LOCALIZATION_PREFERS_STRING_CATALOGS = YES;
				MTL_ENABLE_DEBUG_INFO = NO;
				MTL_FAST_MATH = YES;
				SDKROOT = iphoneos;
				SWIFT_COMPILATION_MODE = wholemodule;
				VALIDATE_PRODUCT = YES;
			};
			name = Release;
		};
		2232FDCE2BE5795900EDA377 /* Debug */ = {
			isa = XCBuildConfiguration;
			buildSettings = {
				ASSETCATALOG_COMPILER_APPICON_NAME = AppIcon;
				ASSETCATALOG_COMPILER_GLOBAL_ACCENT_COLOR_NAME = AccentColor;
				CODE_SIGN_STYLE = Automatic;
				CURRENT_PROJECT_VERSION = 1;
				DEVELOPMENT_ASSET_PATHS = "\"AppleAcademyProject/Preview Content\"";
				ENABLE_PREVIEWS = YES;
				GENERATE_INFOPLIST_FILE = YES;
				INFOPLIST_KEY_UIApplicationSceneManifest_Generation = YES;
				INFOPLIST_KEY_UIApplicationSupportsIndirectInputEvents = YES;
				INFOPLIST_KEY_UILaunchScreen_Generation = YES;
				INFOPLIST_KEY_UISupportedInterfaceOrientations_iPad = "UIInterfaceOrientationPortrait UIInterfaceOrientationPortraitUpsideDown UIInterfaceOrientationLandscapeLeft UIInterfaceOrientationLandscapeRight";
				INFOPLIST_KEY_UISupportedInterfaceOrientations_iPhone = "UIInterfaceOrientationPortrait UIInterfaceOrientationLandscapeLeft UIInterfaceOrientationLandscapeRight";
				LD_RUNPATH_SEARCH_PATHS = (
					"$(inherited)",
					"@executable_path/Frameworks",
				);
				MARKETING_VERSION = 1.0;
				PRODUCT_BUNDLE_IDENTIFIER = Arthur.Matheus.AppleAcademyProject;
				PRODUCT_NAME = "$(TARGET_NAME)";
				SWIFT_EMIT_LOC_STRINGS = YES;
				SWIFT_VERSION = 5.0;
				TARGETED_DEVICE_FAMILY = "1,2";
			};
			name = Debug;
		};
		2232FDCF2BE5795900EDA377 /* Release */ = {
			isa = XCBuildConfiguration;
			buildSettings = {
				ASSETCATALOG_COMPILER_APPICON_NAME = AppIcon;
				ASSETCATALOG_COMPILER_GLOBAL_ACCENT_COLOR_NAME = AccentColor;
				CODE_SIGN_STYLE = Automatic;
				CURRENT_PROJECT_VERSION = 1;
				DEVELOPMENT_ASSET_PATHS = "\"AppleAcademyProject/Preview Content\"";
				ENABLE_PREVIEWS = YES;
				GENERATE_INFOPLIST_FILE = YES;
				INFOPLIST_KEY_UIApplicationSceneManifest_Generation = YES;
				INFOPLIST_KEY_UIApplicationSupportsIndirectInputEvents = YES;
				INFOPLIST_KEY_UILaunchScreen_Generation = YES;
				INFOPLIST_KEY_UISupportedInterfaceOrientations_iPad = "UIInterfaceOrientationPortrait UIInterfaceOrientationPortraitUpsideDown UIInterfaceOrientationLandscapeLeft UIInterfaceOrientationLandscapeRight";
				INFOPLIST_KEY_UISupportedInterfaceOrientations_iPhone = "UIInterfaceOrientationPortrait UIInterfaceOrientationLandscapeLeft UIInterfaceOrientationLandscapeRight";
				LD_RUNPATH_SEARCH_PATHS = (
					"$(inherited)",
					"@executable_path/Frameworks",
				);
				MARKETING_VERSION = 1.0;
				PRODUCT_BUNDLE_IDENTIFIER = Arthur.Matheus.AppleAcademyProject;
				PRODUCT_NAME = "$(TARGET_NAME)";
				SWIFT_EMIT_LOC_STRINGS = YES;
				SWIFT_VERSION = 5.0;
				TARGETED_DEVICE_FAMILY = "1,2";
			};
			name = Release;
		};
		2232FDD12BE5795900EDA377 /* Debug */ = {
			isa = XCBuildConfiguration;
			buildSettings = {
				ALWAYS_EMBED_SWIFT_STANDARD_LIBRARIES = YES;
				BUNDLE_LOADER = "$(TEST_HOST)";
				CODE_SIGN_STYLE = Automatic;
				CURRENT_PROJECT_VERSION = 1;
				GENERATE_INFOPLIST_FILE = YES;
				IPHONEOS_DEPLOYMENT_TARGET = 17.2;
				MARKETING_VERSION = 1.0;
				PRODUCT_BUNDLE_IDENTIFIER = Arthur.Matheus.AppleAcademyProjectTests;
				PRODUCT_NAME = "$(TARGET_NAME)";
				SWIFT_EMIT_LOC_STRINGS = NO;
				SWIFT_VERSION = 5.0;
				TARGETED_DEVICE_FAMILY = "1,2";
				TEST_HOST = "$(BUILT_PRODUCTS_DIR)/AppleAcademyProject.app/$(BUNDLE_EXECUTABLE_FOLDER_PATH)/AppleAcademyProject";
			};
			name = Debug;
		};
		2232FDD22BE5795900EDA377 /* Release */ = {
			isa = XCBuildConfiguration;
			buildSettings = {
				ALWAYS_EMBED_SWIFT_STANDARD_LIBRARIES = YES;
				BUNDLE_LOADER = "$(TEST_HOST)";
				CODE_SIGN_STYLE = Automatic;
				CURRENT_PROJECT_VERSION = 1;
				GENERATE_INFOPLIST_FILE = YES;
				IPHONEOS_DEPLOYMENT_TARGET = 17.2;
				MARKETING_VERSION = 1.0;
				PRODUCT_BUNDLE_IDENTIFIER = Arthur.Matheus.AppleAcademyProjectTests;
				PRODUCT_NAME = "$(TARGET_NAME)";
				SWIFT_EMIT_LOC_STRINGS = NO;
				SWIFT_VERSION = 5.0;
				TARGETED_DEVICE_FAMILY = "1,2";
				TEST_HOST = "$(BUILT_PRODUCTS_DIR)/AppleAcademyProject.app/$(BUNDLE_EXECUTABLE_FOLDER_PATH)/AppleAcademyProject";
			};
			name = Release;
		};
		2232FDD42BE5795900EDA377 /* Debug */ = {
			isa = XCBuildConfiguration;
			buildSettings = {
				ALWAYS_EMBED_SWIFT_STANDARD_LIBRARIES = YES;
				CODE_SIGN_STYLE = Automatic;
				CURRENT_PROJECT_VERSION = 1;
				GENERATE_INFOPLIST_FILE = YES;
				MARKETING_VERSION = 1.0;
				PRODUCT_BUNDLE_IDENTIFIER = Arthur.Matheus.AppleAcademyProjectUITests;
				PRODUCT_NAME = "$(TARGET_NAME)";
				SWIFT_EMIT_LOC_STRINGS = NO;
				SWIFT_VERSION = 5.0;
				TARGETED_DEVICE_FAMILY = "1,2";
				TEST_TARGET_NAME = AppleAcademyProject;
			};
			name = Debug;
		};
		2232FDD52BE5795900EDA377 /* Release */ = {
			isa = XCBuildConfiguration;
			buildSettings = {
				ALWAYS_EMBED_SWIFT_STANDARD_LIBRARIES = YES;
				CODE_SIGN_STYLE = Automatic;
				CURRENT_PROJECT_VERSION = 1;
				GENERATE_INFOPLIST_FILE = YES;
				MARKETING_VERSION = 1.0;
				PRODUCT_BUNDLE_IDENTIFIER = Arthur.Matheus.AppleAcademyProjectUITests;
				PRODUCT_NAME = "$(TARGET_NAME)";
				SWIFT_EMIT_LOC_STRINGS = NO;
				SWIFT_VERSION = 5.0;
				TARGETED_DEVICE_FAMILY = "1,2";
				TEST_TARGET_NAME = AppleAcademyProject;
			};
			name = Release;
		};
/* End XCBuildConfiguration section */

/* Begin XCConfigurationList section */
		2232FDA42BE5795800EDA377 /* Build configuration list for PBXProject "AppleAcademyProject" */ = {
			isa = XCConfigurationList;
			buildConfigurations = (
				2232FDCB2BE5795900EDA377 /* Debug */,
				2232FDCC2BE5795900EDA377 /* Release */,
			);
			defaultConfigurationIsVisible = 0;
			defaultConfigurationName = Release;
		};
		2232FDCD2BE5795900EDA377 /* Build configuration list for PBXNativeTarget "AppleAcademyProject" */ = {
			isa = XCConfigurationList;
			buildConfigurations = (
				2232FDCE2BE5795900EDA377 /* Debug */,
				2232FDCF2BE5795900EDA377 /* Release */,
			);
			defaultConfigurationIsVisible = 0;
			defaultConfigurationName = Release;
		};
		2232FDD02BE5795900EDA377 /* Build configuration list for PBXNativeTarget "AppleAcademyProjectTests" */ = {
			isa = XCConfigurationList;
			buildConfigurations = (
				2232FDD12BE5795900EDA377 /* Debug */,
				2232FDD22BE5795900EDA377 /* Release */,
			);
			defaultConfigurationIsVisible = 0;
			defaultConfigurationName = Release;
		};
		2232FDD32BE5795900EDA377 /* Build configuration list for PBXNativeTarget "AppleAcademyProjectUITests" */ = {
			isa = XCConfigurationList;
			buildConfigurations = (
				2232FDD42BE5795900EDA377 /* Debug */,
				2232FDD52BE5795900EDA377 /* Release */,
			);
			defaultConfigurationIsVisible = 0;
			defaultConfigurationName = Release;
		};
/* End XCConfigurationList section */

/* Begin XCRemoteSwiftPackageReference section */
		22904CDE2BE57EA500AE9889 /* XCRemoteSwiftPackageReference "swiftui-lint" */ = {
			isa = XCRemoteSwiftPackageReference;
			repositoryURL = "https://github.com/mateusrodriguesxyz/swiftui-lint";
			requirement = {
				branch = beta;
				kind = branch;
			};
		};
/* End XCRemoteSwiftPackageReference section */

/* Begin XCSwiftPackageProductDependency section */
		22904CDF2BE57EAD00AE9889 /* SwiftUILintPlugin */ = {
			isa = XCSwiftPackageProductDependency;
			package = 22904CDE2BE57EA500AE9889 /* XCRemoteSwiftPackageReference "swiftui-lint" */;
			productName = "plugin:SwiftUILintPlugin";
		};
/* End XCSwiftPackageProductDependency section */
	};
	rootObject = 2232FDA12BE5795800EDA377 /* Project object */;
}
